
Microsoft Visual Studio Solution File, Format Version 12.00
# Visual Studio Version 16
VisualStudioVersion = 16.0.31624.102
MinimumVisualStudioVersion = 10.0.40219.1
Project("{FAE04EC0-301F-11D3-BF4B-00C04F79EFBC}") = "Api", "Api\Api.csproj", "{A1FFEE59-EF5C-4190-9A38-AEE4F63C0983}"
EndProject
Project("{FAE04EC0-301F-11D3-BF4B-00C04F79EFBC}") = "Logic", "Logic\Logic.csproj", "{3CF3854C-C7CD-462C-8BCA-93B9D81068B8}"
EndProject
Global
	GlobalSection(SolutionConfigurationPlatforms) = preSolution
		Debug|Any CPU = Debug|Any CPU
		Release|Any CPU = Release|Any CPU
	EndGlobalSection
	GlobalSection(ProjectConfigurationPlatforms) = postSolution
		{A1FFEE59-EF5C-4190-9A38-AEE4F63C0983}.Debug|Any CPU.ActiveCfg = Debug|Any CPU
		{A1FFEE59-EF5C-4190-9A38-AEE4F63C0983}.Debug|Any CPU.Build.0 = Debug|Any CPU
		{A1FFEE59-EF5C-4190-9A38-AEE4F63C0983}.Release|Any CPU.ActiveCfg = Release|Any CPU
		{A1FFEE59-EF5C-4190-9A38-AEE4F63C0983}.Release|Any CPU.Build.0 = Release|Any CPU
		{3CF3854C-C7CD-462C-8BCA-93B9D81068B8}.Debug|Any CPU.ActiveCfg = Debug|Any CPU
		{3CF3854C-C7CD-462C-8BCA-93B9D81068B8}.Debug|Any CPU.Build.0 = Debug|Any CPU
		{3CF3854C-C7CD-462C-8BCA-93B9D81068B8}.Release|Any CPU.ActiveCfg = Release|Any CPU
		{3CF3854C-C7CD-462C-8BCA-93B9D81068B8}.Release|Any CPU.Build.0 = Release|Any CPU
	EndGlobalSection
	GlobalSection(SolutionProperties) = preSolution
		HideSolutionNode = FALSE
	EndGlobalSection
	GlobalSection(ExtensibilityGlobals) = postSolution
		SolutionGuid = {EA518CBF-7866-4708-8BEB-16F18F7A0463}
	EndGlobalSection
EndGlobal
